
Microsoft Visual Studio Solution File, Format Version 12.00
# Visual Studio Version 17
VisualStudioVersion = 17.0.31903.59
MinimumVisualStudioVersion = 10.0.40219.1
Project("{2150E333-8FDC-42A3-9474-1A3956D46DE8}") = "src", "src", "{860B697B-FC64-412B-A47A-2B0FA530D00D}"
EndProject
Project("{9A19103F-16F7-4668-BE54-9A1E7A4F7556}") = "Application", "src\Application\Application.csproj", "{CDD10ED7-8CE0-4E54-B58C-17F9366740F0}"
EndProject
Project("{2150E333-8FDC-42A3-9474-1A3956D46DE8}") = "tests", "tests", "{4FD91C28-857A-4AAC-888E-E66ECA718CF0}"
EndProject
Project("{FAE04EC0-301F-11D3-BF4B-00C04F79EFBC}") = "Core", "src\Core\Core.csproj", "{4814F276-D325-439C-9FDF-D46B0AA648ED}"
EndProject
Project("{FAE04EC0-301F-11D3-BF4B-00C04F79EFBC}") = "Infrastructure", "src\Infrastructure\Infrastructure.csproj", "{E775FD45-49C5-4179-81D3-115338139087}"
EndProject
Project("{FAE04EC0-301F-11D3-BF4B-00C04F79EFBC}") = "WebApi", "src\WebApi\WebApi.csproj", "{C63CD689-6E4A-438C-8C02-9C651F53B9D3}"
EndProject
Project("{FAE04EC0-301F-11D3-BF4B-00C04F79EFBC}") = "Core.UnitTests", "tests\Core.UnitTests\Core.UnitTests.csproj", "{89D37912-7F8A-48E3-B1EF-76F2AC43CC48}"
EndProject
Project("{FAE04EC0-301F-11D3-BF4B-00C04F79EFBC}") = "Application.UnitTests", "tests\Application.UnitTests\Application.UnitTests.csproj", "{98C9BCE1-6F82-4124-AD64-6D7BD4B5C865}"
EndProject
Global
	GlobalSection(SolutionConfigurationPlatforms) = preSolution
		Debug|Any CPU = Debug|Any CPU
		Release|Any CPU = Release|Any CPU
	EndGlobalSection
	GlobalSection(ProjectConfigurationPlatforms) = postSolution
		{CDD10ED7-8CE0-4E54-B58C-17F9366740F0}.Debug|Any CPU.ActiveCfg = Debug|Any CPU
		{CDD10ED7-8CE0-4E54-B58C-17F9366740F0}.Debug|Any CPU.Build.0 = Debug|Any CPU
		{CDD10ED7-8CE0-4E54-B58C-17F9366740F0}.Release|Any CPU.ActiveCfg = Release|Any CPU
		{CDD10ED7-8CE0-4E54-B58C-17F9366740F0}.Release|Any CPU.Build.0 = Release|Any CPU
		{4814F276-D325-439C-9FDF-D46B0AA648ED}.Debug|Any CPU.ActiveCfg = Debug|Any CPU
		{4814F276-D325-439C-9FDF-D46B0AA648ED}.Debug|Any CPU.Build.0 = Debug|Any CPU
		{4814F276-D325-439C-9FDF-D46B0AA648ED}.Release|Any CPU.ActiveCfg = Release|Any CPU
		{4814F276-D325-439C-9FDF-D46B0AA648ED}.Release|Any CPU.Build.0 = Release|Any CPU
		{E775FD45-49C5-4179-81D3-115338139087}.Debug|Any CPU.ActiveCfg = Debug|Any CPU
		{E775FD45-49C5-4179-81D3-115338139087}.Debug|Any CPU.Build.0 = Debug|Any CPU
		{E775FD45-49C5-4179-81D3-115338139087}.Release|Any CPU.ActiveCfg = Release|Any CPU
		{E775FD45-49C5-4179-81D3-115338139087}.Release|Any CPU.Build.0 = Release|Any CPU
		{C63CD689-6E4A-438C-8C02-9C651F53B9D3}.Debug|Any CPU.ActiveCfg = Debug|Any CPU
		{C63CD689-6E4A-438C-8C02-9C651F53B9D3}.Debug|Any CPU.Build.0 = Debug|Any CPU
		{C63CD689-6E4A-438C-8C02-9C651F53B9D3}.Release|Any CPU.ActiveCfg = Release|Any CPU
		{C63CD689-6E4A-438C-8C02-9C651F53B9D3}.Release|Any CPU.Build.0 = Release|Any CPU
		{89D37912-7F8A-48E3-B1EF-76F2AC43CC48}.Debug|Any CPU.ActiveCfg = Debug|Any CPU
		{89D37912-7F8A-48E3-B1EF-76F2AC43CC48}.Debug|Any CPU.Build.0 = Debug|Any CPU
		{89D37912-7F8A-48E3-B1EF-76F2AC43CC48}.Release|Any CPU.ActiveCfg = Release|Any CPU
		{89D37912-7F8A-48E3-B1EF-76F2AC43CC48}.Release|Any CPU.Build.0 = Release|Any CPU
		{98C9BCE1-6F82-4124-AD64-6D7BD4B5C865}.Debug|Any CPU.ActiveCfg = Debug|Any CPU
		{98C9BCE1-6F82-4124-AD64-6D7BD4B5C865}.Debug|Any CPU.Build.0 = Debug|Any CPU
		{98C9BCE1-6F82-4124-AD64-6D7BD4B5C865}.Release|Any CPU.ActiveCfg = Release|Any CPU
		{98C9BCE1-6F82-4124-AD64-6D7BD4B5C865}.Release|Any CPU.Build.0 = Release|Any CPU
	EndGlobalSection
	GlobalSection(SolutionProperties) = preSolution
		HideSolutionNode = FALSE
	EndGlobalSection
	GlobalSection(NestedProjects) = preSolution
		{CDD10ED7-8CE0-4E54-B58C-17F9366740F0} = {860B697B-FC64-412B-A47A-2B0FA530D00D}
		{4814F276-D325-439C-9FDF-D46B0AA648ED} = {860B697B-FC64-412B-A47A-2B0FA530D00D}
		{E775FD45-49C5-4179-81D3-115338139087} = {860B697B-FC64-412B-A47A-2B0FA530D00D}
		{C63CD689-6E4A-438C-8C02-9C651F53B9D3} = {860B697B-FC64-412B-A47A-2B0FA530D00D}
		{89D37912-7F8A-48E3-B1EF-76F2AC43CC48} = {4FD91C28-857A-4AAC-888E-E66ECA718CF0}
		{98C9BCE1-6F82-4124-AD64-6D7BD4B5C865} = {4FD91C28-857A-4AAC-888E-E66ECA718CF0}
	EndGlobalSection
	GlobalSection(ExtensibilityGlobals) = postSolution
		SolutionGuid = {8E7034DF-3AAF-4BB4-94B7-C543FE65C118}
	EndGlobalSection
EndGlobal
